
Microsoft Visual Studio Solution File, Format Version 12.00
# Visual Studio 15
VisualStudioVersion = 15.0.27703.2026
MinimumVisualStudioVersion = 10.0.40219.1
Project("{2150E333-8FDC-42A3-9474-1A3956D46DE8}") = "src", "src", "{166EA354-062D-43A4-941A-51CBF9E71B03}"
EndProject
Project("{9A19103F-16F7-4668-BE54-9A1E7A4F7556}") = "FileAuthorization", "src\FileAuthorization\FileAuthorization.csproj", "{F40C60FD-A5AC-49FD-9EC9-6564BBA5B6AF}"
EndProject
Project("{9A19103F-16F7-4668-BE54-9A1E7A4F7556}") = "FileAuthorization.Abstractions", "src\FileAuthorization.Abstractions\FileAuthorization.Abstractions.csproj", "{B931E140-2F69-4441-8FD1-B0F71C3B3FB6}"
EndProject
Project("{2150E333-8FDC-42A3-9474-1A3956D46DE8}") = "test", "test", "{09F093F8-2FE2-42A3-BA7B-B824F5D8A593}"
EndProject
Project("{9A19103F-16F7-4668-BE54-9A1E7A4F7556}") = "FileAuthorization.Test", "test\FileAuthorization.Test\FileAuthorization.Test.csproj", "{6760D669-E1F3-40F3-A969-0DD184BAF054}"
EndProject
Global
	GlobalSection(SolutionConfigurationPlatforms) = preSolution
		Debug|Any CPU = Debug|Any CPU
		Release|Any CPU = Release|Any CPU
	EndGlobalSection
	GlobalSection(ProjectConfigurationPlatforms) = postSolution
		{F40C60FD-A5AC-49FD-9EC9-6564BBA5B6AF}.Debug|Any CPU.ActiveCfg = Debug|Any CPU
		{F40C60FD-A5AC-49FD-9EC9-6564BBA5B6AF}.Debug|Any CPU.Build.0 = Debug|Any CPU
		{F40C60FD-A5AC-49FD-9EC9-6564BBA5B6AF}.Release|Any CPU.ActiveCfg = Release|Any CPU
		{F40C60FD-A5AC-49FD-9EC9-6564BBA5B6AF}.Release|Any CPU.Build.0 = Release|Any CPU
		{B931E140-2F69-4441-8FD1-B0F71C3B3FB6}.Debug|Any CPU.ActiveCfg = Debug|Any CPU
		{B931E140-2F69-4441-8FD1-B0F71C3B3FB6}.Debug|Any CPU.Build.0 = Debug|Any CPU
		{B931E140-2F69-4441-8FD1-B0F71C3B3FB6}.Release|Any CPU.ActiveCfg = Release|Any CPU
		{B931E140-2F69-4441-8FD1-B0F71C3B3FB6}.Release|Any CPU.Build.0 = Release|Any CPU
		{6760D669-E1F3-40F3-A969-0DD184BAF054}.Debug|Any CPU.ActiveCfg = Debug|Any CPU
		{6760D669-E1F3-40F3-A969-0DD184BAF054}.Debug|Any CPU.Build.0 = Debug|Any CPU
		{6760D669-E1F3-40F3-A969-0DD184BAF054}.Release|Any CPU.ActiveCfg = Release|Any CPU
		{6760D669-E1F3-40F3-A969-0DD184BAF054}.Release|Any CPU.Build.0 = Release|Any CPU
	EndGlobalSection
	GlobalSection(SolutionProperties) = preSolution
		HideSolutionNode = FALSE
	EndGlobalSection
	GlobalSection(NestedProjects) = preSolution
		{F40C60FD-A5AC-49FD-9EC9-6564BBA5B6AF} = {166EA354-062D-43A4-941A-51CBF9E71B03}
		{B931E140-2F69-4441-8FD1-B0F71C3B3FB6} = {166EA354-062D-43A4-941A-51CBF9E71B03}
		{6760D669-E1F3-40F3-A969-0DD184BAF054} = {09F093F8-2FE2-42A3-BA7B-B824F5D8A593}
	EndGlobalSection
	GlobalSection(ExtensibilityGlobals) = postSolution
		SolutionGuid = {7B1420F2-09FC-4C40-A44E-DFB22493594F}
	EndGlobalSection
EndGlobal
